
Microsoft Visual Studio Solution File, Format Version 12.00
# Visual Studio Version 17
VisualStudioVersion = 17.0.32014.148
MinimumVisualStudioVersion = 10.0.40219.1
Project("{FAE04EC0-301F-11D3-BF4B-00C04F79EFBC}") = "UDPTest", "UDPTest\UDPTest.csproj", "{D272878D-0418-4F47-B7D0-753E2C7FECD8}"
EndProject
Global
	GlobalSection(SolutionConfigurationPlatforms) = preSolution
		Debug|Any CPU = Debug|Any CPU
		Release|Any CPU = Release|Any CPU
	EndGlobalSection
	GlobalSection(ProjectConfigurationPlatforms) = postSolution
		{D272878D-0418-4F47-B7D0-753E2C7FECD8}.Debug|Any CPU.ActiveCfg = Debug|Any CPU
		{D272878D-0418-4F47-B7D0-753E2C7FECD8}.Debug|Any CPU.Build.0 = Debug|Any CPU
		{D272878D-0418-4F47-B7D0-753E2C7FECD8}.Release|Any CPU.ActiveCfg = Release|Any CPU
		{D272878D-0418-4F47-B7D0-753E2C7FECD8}.Release|Any CPU.Build.0 = Release|Any CPU
	EndGlobalSection
	GlobalSection(SolutionProperties) = preSolution
		HideSolutionNode = FALSE
	EndGlobalSection
	GlobalSection(ExtensibilityGlobals) = postSolution
		SolutionGuid = {25721554-2EAE-4B8C-A0E3-384DFBD25CED}
	EndGlobalSection
EndGlobal
